// !$*UTF8*$!
{
	archiveVersion = 1;
	classes = {
	};
	objectVersion = 50;
	objects = {

/* Begin PBXBuildFile section */
		2C497FCE223AEAAA008F76CF /* lang-en.json in Resources */ = {isa = PBXBuildFile; fileRef = 2C497FBC223AEAAA008F76CF /* lang-en.json */; };
		2C497FCF223AEAAA008F76CF /* lang-es.json in Resources */ = {isa = PBXBuildFile; fileRef = 2C497FBD223AEAAA008F76CF /* lang-es.json */; };
		2C497FD0223AEAAA008F76CF /* Array+Extensions.swift in Sources */ = {isa = PBXBuildFile; fileRef = 2C497FBF223AEAAA008F76CF /* Array+Extensions.swift */; };
		2C497FD1223AEAAA008F76CF /* UIImageView+Extensions.swift in Sources */ = {isa = PBXBuildFile; fileRef = 2C497FC0223AEAAA008F76CF /* UIImageView+Extensions.swift */; };
		2C497FD2223AEAAA008F76CF /* UIView+Extensions.swift in Sources */ = {isa = PBXBuildFile; fileRef = 2C497FC1223AEAAA008F76CF /* UIView+Extensions.swift */; };
		2C497FD3223AEAAA008F76CF /* UICollectionViewCell+Extensions.swift in Sources */ = {isa = PBXBuildFile; fileRef = 2C497FC2223AEAAA008F76CF /* UICollectionViewCell+Extensions.swift */; };
		2C497FD4223AEAAA008F76CF /* UITableView+Extensions.swift in Sources */ = {isa = PBXBuildFile; fileRef = 2C497FC3223AEAAA008F76CF /* UITableView+Extensions.swift */; };
		2C497FD5223AEAAA008F76CF /* UITableViewCell+Extensions.swift in Sources */ = {isa = PBXBuildFile; fileRef = 2C497FC4223AEAAA008F76CF /* UITableViewCell+Extensions.swift */; };
		2C497FD6223AEAAA008F76CF /* UICollectionView+Extensions.swift in Sources */ = {isa = PBXBuildFile; fileRef = 2C497FC5223AEAAA008F76CF /* UICollectionView+Extensions.swift */; };
		2C497FD7223AEAAA008F76CF /* Constants.swift in Sources */ = {isa = PBXBuildFile; fileRef = 2C497FC7223AEAAA008F76CF /* Constants.swift */; };
		2C497FD8223AEAAA008F76CF /* Dialogs.swift in Sources */ = {isa = PBXBuildFile; fileRef = 2C497FC8223AEAAA008F76CF /* Dialogs.swift */; };
		2C497FDA223AEAAA008F76CF /* BaseViewController.swift in Sources */ = {isa = PBXBuildFile; fileRef = 2C497FCB223AEAAA008F76CF /* BaseViewController.swift */; };
		2C497FDB223AEAAA008F76CF /* BaseViewModelProtocol.swift in Sources */ = {isa = PBXBuildFile; fileRef = 2C497FCC223AEAAA008F76CF /* BaseViewModelProtocol.swift */; };
		2C497FE2223AEB8F008F76CF /* HomeViewController.swift in Sources */ = {isa = PBXBuildFile; fileRef = 2C497FE0223AEB8F008F76CF /* HomeViewController.swift */; };
		2C497FE3223AEB8F008F76CF /* HomeViewController.xib in Resources */ = {isa = PBXBuildFile; fileRef = 2C497FE1223AEB8F008F76CF /* HomeViewController.xib */; };
		2C67C517224148DD005AA143 /* FiltersContainerTableViewCell.swift in Sources */ = {isa = PBXBuildFile; fileRef = 2C67C515224148DD005AA143 /* FiltersContainerTableViewCell.swift */; };
		2C67C518224148DD005AA143 /* FiltersContainerTableViewCell.xib in Resources */ = {isa = PBXBuildFile; fileRef = 2C67C516224148DD005AA143 /* FiltersContainerTableViewCell.xib */; };
		2C67C51D22414C36005AA143 /* FilterCollectionViewCell.swift in Sources */ = {isa = PBXBuildFile; fileRef = 2C67C51B22414C36005AA143 /* FilterCollectionViewCell.swift */; };
		2C67C51E22414C36005AA143 /* FilterCollectionViewCell.xib in Resources */ = {isa = PBXBuildFile; fileRef = 2C67C51C22414C36005AA143 /* FilterCollectionViewCell.xib */; };
		2C67C52022414EA5005AA143 /* FilterCellViewModel.swift in Sources */ = {isa = PBXBuildFile; fileRef = 2C67C51F22414EA5005AA143 /* FilterCellViewModel.swift */; };
		2CBABFF22242D09100C5438B /* GoogleService-Info.plist in Resources */ = {isa = PBXBuildFile; fileRef = 2CBABFF12242D09100C5438B /* GoogleService-Info.plist */; };
		2CCEBE6E223AF1E700B6DF2B /* FavoritesViewController.swift in Sources */ = {isa = PBXBuildFile; fileRef = 2CCEBE6C223AF1E700B6DF2B /* FavoritesViewController.swift */; };
		2CCEBE6F223AF1E700B6DF2B /* FavoritesViewController.xib in Resources */ = {isa = PBXBuildFile; fileRef = 2CCEBE6D223AF1E700B6DF2B /* FavoritesViewController.xib */; };
		2CCEBE72223AF1FB00B6DF2B /* SettingsViewController.swift in Sources */ = {isa = PBXBuildFile; fileRef = 2CCEBE70223AF1FB00B6DF2B /* SettingsViewController.swift */; };
		2CCEBE73223AF1FB00B6DF2B /* SettingsViewController.xib in Resources */ = {isa = PBXBuildFile; fileRef = 2CCEBE71223AF1FB00B6DF2B /* SettingsViewController.xib */; };
		2CCEBE75223AF3E700B6DF2B /* UIColor+BrandColors.swift in Sources */ = {isa = PBXBuildFile; fileRef = 2CCEBE74223AF3E700B6DF2B /* UIColor+BrandColors.swift */; };
		2CCEBE77223AF4A200B6DF2B /* MainNavigationController.swift in Sources */ = {isa = PBXBuildFile; fileRef = 2CCEBE76223AF4A200B6DF2B /* MainNavigationController.swift */; };
		2CCEBE7D223AF8C300B6DF2B /* NewsTableViewCell.swift in Sources */ = {isa = PBXBuildFile; fileRef = 2CCEBE7B223AF8C300B6DF2B /* NewsTableViewCell.swift */; };
		2CCEBE7E223AF8C300B6DF2B /* NewsTableViewCell.xib in Resources */ = {isa = PBXBuildFile; fileRef = 2CCEBE7C223AF8C300B6DF2B /* NewsTableViewCell.xib */; };
		2CCEBE80223AF90900B6DF2B /* ConfigurableCellProtocol.swift in Sources */ = {isa = PBXBuildFile; fileRef = 2CCEBE7F223AF90900B6DF2B /* ConfigurableCellProtocol.swift */; };
		2CD07FC2223AB7DE00C024AC /* AppDelegate.swift in Sources */ = {isa = PBXBuildFile; fileRef = 2CD07FC1223AB7DE00C024AC /* AppDelegate.swift */; };
		2CD07FC9223AB7E000C024AC /* Assets.xcassets in Resources */ = {isa = PBXBuildFile; fileRef = 2CD07FC8223AB7E000C024AC /* Assets.xcassets */; };
		2CD07FCC223AB7E000C024AC /* LaunchScreen.storyboard in Resources */ = {isa = PBXBuildFile; fileRef = 2CD07FCA223AB7E000C024AC /* LaunchScreen.storyboard */; };
		2CF3F2A9223AEF570033AEA8 /* MainTabBarController.swift in Sources */ = {isa = PBXBuildFile; fileRef = 2CF3F2A8223AEF570033AEA8 /* MainTabBarController.swift */; };
		74B6FA920865AEF8100CF794 /* Pods_gamingnews.framework in Frameworks */ = {isa = PBXBuildFile; fileRef = D37B37970C255E529929A1F2 /* Pods_gamingnews.framework */; };
		AAD6E7E8DDAC3D9158917488 /* Pods_gamingnewsTests.framework in Frameworks */ = {isa = PBXBuildFile; fileRef = 94B2B6E37DCC71445E2DC8D3 /* Pods_gamingnewsTests.framework */; };
		AC21D126223EB07700A10AB8 /* RSSNewsDecoder.swift in Sources */ = {isa = PBXBuildFile; fileRef = AC21D125223EB07700A10AB8 /* RSSNewsDecoder.swift */; };
		AC51CBAF225652C2000E516B /* FavoritesManager.swift in Sources */ = {isa = PBXBuildFile; fileRef = AC51CBAE225652C2000E516B /* FavoritesManager.swift */; };
		AC51CBBF22565A8C000E516B /* FavoritesTests.swift in Sources */ = {isa = PBXBuildFile; fileRef = AC51CBBE22565A8C000E516B /* FavoritesTests.swift */; };
		AC898ECF223B2AAC00702F59 /* NewsCellViewModel.swift in Sources */ = {isa = PBXBuildFile; fileRef = AC898ECE223B2AAC00702F59 /* NewsCellViewModel.swift */; };
		AC898ED1223B2BFE00702F59 /* ConfigurableCell.swift in Sources */ = {isa = PBXBuildFile; fileRef = AC898ED0223B2BFE00702F59 /* ConfigurableCell.swift */; };
		AC898ED3223B312700702F59 /* HomeViewModel.swift in Sources */ = {isa = PBXBuildFile; fileRef = AC898ED2223B312700702F59 /* HomeViewModel.swift */; };
		AC898EDA223B66AC00702F59 /* RSSUrls.json in Resources */ = {isa = PBXBuildFile; fileRef = AC898ED9223B66AC00702F59 /* RSSUrls.json */; };
		AC898EDD223B66E300702F59 /* RSSUrls.swift in Sources */ = {isa = PBXBuildFile; fileRef = AC898EDC223B66E300702F59 /* RSSUrls.swift */; };
		AC898EDF223B678E00702F59 /* RSSManager.swift in Sources */ = {isa = PBXBuildFile; fileRef = AC898EDE223B678E00702F59 /* RSSManager.swift */; };
		AC898EE1223B6BAA00702F59 /* APIManager.swift in Sources */ = {isa = PBXBuildFile; fileRef = AC898EE0223B6BAA00702F59 /* APIManager.swift */; };
		AC898EE5223B6C0000702F59 /* Endpoint.swift in Sources */ = {isa = PBXBuildFile; fileRef = AC898EE4223B6C0000702F59 /* Endpoint.swift */; };
		AC898EE7223B715B00702F59 /* News.swift in Sources */ = {isa = PBXBuildFile; fileRef = AC898EE6223B715B00702F59 /* News.swift */; };
		AC898EEB223B7CCD00702F59 /* NewsDetailViewController.swift in Sources */ = {isa = PBXBuildFile; fileRef = AC898EE9223B7CCD00702F59 /* NewsDetailViewController.swift */; };
		AC898EEC223B7CCD00702F59 /* NewsDetailViewController.xib in Resources */ = {isa = PBXBuildFile; fileRef = AC898EEA223B7CCD00702F59 /* NewsDetailViewController.xib */; };
		ACCB54492256641B0076A9AC /* detail-animation.json in Resources */ = {isa = PBXBuildFile; fileRef = ACCB54482256641B0076A9AC /* detail-animation.json */; };
		ACCB544B225664330076A9AC /* Animations.swift in Sources */ = {isa = PBXBuildFile; fileRef = ACCB544A225664330076A9AC /* Animations.swift */; };
		ACCB544D22566BFC0076A9AC /* NewsDetailViewModel.swift in Sources */ = {isa = PBXBuildFile; fileRef = ACCB544C22566BFC0076A9AC /* NewsDetailViewModel.swift */; };
		ACCB5456225671E10076A9AC /* FavoriteCollectionViewCell.swift in Sources */ = {isa = PBXBuildFile; fileRef = ACCB5454225671E10076A9AC /* FavoriteCollectionViewCell.swift */; };
		ACCB5457225671E10076A9AC /* FavoriteCollectionViewCell.xib in Resources */ = {isa = PBXBuildFile; fileRef = ACCB5455225671E10076A9AC /* FavoriteCollectionViewCell.xib */; };
		ACCB54592256737C0076A9AC /* FavoriteCellViewModel.swift in Sources */ = {isa = PBXBuildFile; fileRef = ACCB54582256737C0076A9AC /* FavoriteCellViewModel.swift */; };
/* End PBXBuildFile section */

/* Begin PBXContainerItemProxy section */
		AC51CBB922565A74000E516B /* PBXContainerItemProxy */ = {
			isa = PBXContainerItemProxy;
			containerPortal = 2CD07FB6223AB7DE00C024AC /* Project object */;
			proxyType = 1;
			remoteGlobalIDString = 2CD07FBD223AB7DE00C024AC;
			remoteInfo = gamingnews;
		};
/* End PBXContainerItemProxy section */

/* Begin PBXFileReference section */
		0D6C71A238A2F55D3B79B083 /* Pods-gamingnewsTests.release.xcconfig */ = {isa = PBXFileReference; includeInIndex = 1; lastKnownFileType = text.xcconfig; name = "Pods-gamingnewsTests.release.xcconfig"; path = "Pods/Target Support Files/Pods-gamingnewsTests/Pods-gamingnewsTests.release.xcconfig"; sourceTree = "<group>"; };
		137E7776AF5EAB3DDC2C5BD5 /* Pods-gamingnewsTests.debug.xcconfig */ = {isa = PBXFileReference; includeInIndex = 1; lastKnownFileType = text.xcconfig; name = "Pods-gamingnewsTests.debug.xcconfig"; path = "Pods/Target Support Files/Pods-gamingnewsTests/Pods-gamingnewsTests.debug.xcconfig"; sourceTree = "<group>"; };
		2C497FBC223AEAAA008F76CF /* lang-en.json */ = {isa = PBXFileReference; fileEncoding = 4; lastKnownFileType = text.json; path = "lang-en.json"; sourceTree = "<group>"; };
		2C497FBD223AEAAA008F76CF /* lang-es.json */ = {isa = PBXFileReference; fileEncoding = 4; lastKnownFileType = text.json; path = "lang-es.json"; sourceTree = "<group>"; };
		2C497FBF223AEAAA008F76CF /* Array+Extensions.swift */ = {isa = PBXFileReference; fileEncoding = 4; lastKnownFileType = sourcecode.swift; path = "Array+Extensions.swift"; sourceTree = "<group>"; };
		2C497FC0223AEAAA008F76CF /* UIImageView+Extensions.swift */ = {isa = PBXFileReference; fileEncoding = 4; lastKnownFileType = sourcecode.swift; path = "UIImageView+Extensions.swift"; sourceTree = "<group>"; };
		2C497FC1223AEAAA008F76CF /* UIView+Extensions.swift */ = {isa = PBXFileReference; fileEncoding = 4; lastKnownFileType = sourcecode.swift; path = "UIView+Extensions.swift"; sourceTree = "<group>"; };
		2C497FC2223AEAAA008F76CF /* UICollectionViewCell+Extensions.swift */ = {isa = PBXFileReference; fileEncoding = 4; lastKnownFileType = sourcecode.swift; path = "UICollectionViewCell+Extensions.swift"; sourceTree = "<group>"; };
		2C497FC3223AEAAA008F76CF /* UITableView+Extensions.swift */ = {isa = PBXFileReference; fileEncoding = 4; lastKnownFileType = sourcecode.swift; path = "UITableView+Extensions.swift"; sourceTree = "<group>"; };
		2C497FC4223AEAAA008F76CF /* UITableViewCell+Extensions.swift */ = {isa = PBXFileReference; fileEncoding = 4; lastKnownFileType = sourcecode.swift; path = "UITableViewCell+Extensions.swift"; sourceTree = "<group>"; };
		2C497FC5223AEAAA008F76CF /* UICollectionView+Extensions.swift */ = {isa = PBXFileReference; fileEncoding = 4; lastKnownFileType = sourcecode.swift; path = "UICollectionView+Extensions.swift"; sourceTree = "<group>"; };
		2C497FC7223AEAAA008F76CF /* Constants.swift */ = {isa = PBXFileReference; fileEncoding = 4; lastKnownFileType = sourcecode.swift; path = Constants.swift; sourceTree = "<group>"; };
		2C497FC8223AEAAA008F76CF /* Dialogs.swift */ = {isa = PBXFileReference; fileEncoding = 4; lastKnownFileType = sourcecode.swift; path = Dialogs.swift; sourceTree = "<group>"; };
		2C497FCB223AEAAA008F76CF /* BaseViewController.swift */ = {isa = PBXFileReference; fileEncoding = 4; lastKnownFileType = sourcecode.swift; path = BaseViewController.swift; sourceTree = "<group>"; };
		2C497FCC223AEAAA008F76CF /* BaseViewModelProtocol.swift */ = {isa = PBXFileReference; fileEncoding = 4; lastKnownFileType = sourcecode.swift; path = BaseViewModelProtocol.swift; sourceTree = "<group>"; };
		2C497FE0223AEB8F008F76CF /* HomeViewController.swift */ = {isa = PBXFileReference; lastKnownFileType = sourcecode.swift; path = HomeViewController.swift; sourceTree = "<group>"; };
		2C497FE1223AEB8F008F76CF /* HomeViewController.xib */ = {isa = PBXFileReference; lastKnownFileType = file.xib; path = HomeViewController.xib; sourceTree = "<group>"; };
		2C67C515224148DD005AA143 /* FiltersContainerTableViewCell.swift */ = {isa = PBXFileReference; lastKnownFileType = sourcecode.swift; path = FiltersContainerTableViewCell.swift; sourceTree = "<group>"; };
		2C67C516224148DD005AA143 /* FiltersContainerTableViewCell.xib */ = {isa = PBXFileReference; lastKnownFileType = file.xib; path = FiltersContainerTableViewCell.xib; sourceTree = "<group>"; };
		2C67C51B22414C36005AA143 /* FilterCollectionViewCell.swift */ = {isa = PBXFileReference; lastKnownFileType = sourcecode.swift; path = FilterCollectionViewCell.swift; sourceTree = "<group>"; };
		2C67C51C22414C36005AA143 /* FilterCollectionViewCell.xib */ = {isa = PBXFileReference; lastKnownFileType = file.xib; path = FilterCollectionViewCell.xib; sourceTree = "<group>"; };
		2C67C51F22414EA5005AA143 /* FilterCellViewModel.swift */ = {isa = PBXFileReference; lastKnownFileType = sourcecode.swift; path = FilterCellViewModel.swift; sourceTree = "<group>"; };
		2CBABFF12242D09100C5438B /* GoogleService-Info.plist */ = {isa = PBXFileReference; fileEncoding = 4; lastKnownFileType = text.plist.xml; path = "GoogleService-Info.plist"; sourceTree = "<group>"; };
		2CBABFF32242DF4600C5438B /* gamingnews.entitlements */ = {isa = PBXFileReference; lastKnownFileType = text.plist.entitlements; path = gamingnews.entitlements; sourceTree = "<group>"; };
		2CCEBE6C223AF1E700B6DF2B /* FavoritesViewController.swift */ = {isa = PBXFileReference; lastKnownFileType = sourcecode.swift; path = FavoritesViewController.swift; sourceTree = "<group>"; };
		2CCEBE6D223AF1E700B6DF2B /* FavoritesViewController.xib */ = {isa = PBXFileReference; lastKnownFileType = file.xib; path = FavoritesViewController.xib; sourceTree = "<group>"; };
		2CCEBE70223AF1FB00B6DF2B /* SettingsViewController.swift */ = {isa = PBXFileReference; lastKnownFileType = sourcecode.swift; path = SettingsViewController.swift; sourceTree = "<group>"; };
		2CCEBE71223AF1FB00B6DF2B /* SettingsViewController.xib */ = {isa = PBXFileReference; lastKnownFileType = file.xib; path = SettingsViewController.xib; sourceTree = "<group>"; };
		2CCEBE74223AF3E700B6DF2B /* UIColor+BrandColors.swift */ = {isa = PBXFileReference; lastKnownFileType = sourcecode.swift; path = "UIColor+BrandColors.swift"; sourceTree = "<group>"; };
		2CCEBE76223AF4A200B6DF2B /* MainNavigationController.swift */ = {isa = PBXFileReference; lastKnownFileType = sourcecode.swift; path = MainNavigationController.swift; sourceTree = "<group>"; };
		2CCEBE7B223AF8C300B6DF2B /* NewsTableViewCell.swift */ = {isa = PBXFileReference; lastKnownFileType = sourcecode.swift; path = NewsTableViewCell.swift; sourceTree = "<group>"; };
		2CCEBE7C223AF8C300B6DF2B /* NewsTableViewCell.xib */ = {isa = PBXFileReference; lastKnownFileType = file.xib; path = NewsTableViewCell.xib; sourceTree = "<group>"; };
		2CCEBE7F223AF90900B6DF2B /* ConfigurableCellProtocol.swift */ = {isa = PBXFileReference; lastKnownFileType = sourcecode.swift; path = ConfigurableCellProtocol.swift; sourceTree = "<group>"; };
		2CD07FBE223AB7DE00C024AC /* gamingnews.app */ = {isa = PBXFileReference; explicitFileType = wrapper.application; includeInIndex = 0; path = gamingnews.app; sourceTree = BUILT_PRODUCTS_DIR; };
		2CD07FC1223AB7DE00C024AC /* AppDelegate.swift */ = {isa = PBXFileReference; lastKnownFileType = sourcecode.swift; path = AppDelegate.swift; sourceTree = "<group>"; };
		2CD07FC8223AB7E000C024AC /* Assets.xcassets */ = {isa = PBXFileReference; lastKnownFileType = folder.assetcatalog; path = Assets.xcassets; sourceTree = "<group>"; };
		2CD07FCB223AB7E000C024AC /* Base */ = {isa = PBXFileReference; lastKnownFileType = file.storyboard; name = Base; path = Base.lproj/LaunchScreen.storyboard; sourceTree = "<group>"; };
		2CD07FCD223AB7E000C024AC /* Info.plist */ = {isa = PBXFileReference; lastKnownFileType = text.plist.xml; path = Info.plist; sourceTree = "<group>"; };
		2CF3F2A8223AEF570033AEA8 /* MainTabBarController.swift */ = {isa = PBXFileReference; lastKnownFileType = sourcecode.swift; path = MainTabBarController.swift; sourceTree = "<group>"; };
		7F7818FFC41C0F0F80F39F0D /* Pods-gamingnews.release.xcconfig */ = {isa = PBXFileReference; includeInIndex = 1; lastKnownFileType = text.xcconfig; name = "Pods-gamingnews.release.xcconfig"; path = "Pods/Target Support Files/Pods-gamingnews/Pods-gamingnews.release.xcconfig"; sourceTree = "<group>"; };
		94B2B6E37DCC71445E2DC8D3 /* Pods_gamingnewsTests.framework */ = {isa = PBXFileReference; explicitFileType = wrapper.framework; includeInIndex = 0; path = Pods_gamingnewsTests.framework; sourceTree = BUILT_PRODUCTS_DIR; };
		A10E3A335BDA3E1DEE5D8E5C /* Pods-gamingnews.debug.xcconfig */ = {isa = PBXFileReference; includeInIndex = 1; lastKnownFileType = text.xcconfig; name = "Pods-gamingnews.debug.xcconfig"; path = "Pods/Target Support Files/Pods-gamingnews/Pods-gamingnews.debug.xcconfig"; sourceTree = "<group>"; };
		AC21D125223EB07700A10AB8 /* RSSNewsDecoder.swift */ = {isa = PBXFileReference; lastKnownFileType = sourcecode.swift; path = RSSNewsDecoder.swift; sourceTree = "<group>"; };
		AC51CBAE225652C2000E516B /* FavoritesManager.swift */ = {isa = PBXFileReference; lastKnownFileType = sourcecode.swift; path = FavoritesManager.swift; sourceTree = "<group>"; };
		AC51CBB422565A74000E516B /* gamingnewsTests.xctest */ = {isa = PBXFileReference; explicitFileType = wrapper.cfbundle; includeInIndex = 0; path = gamingnewsTests.xctest; sourceTree = BUILT_PRODUCTS_DIR; };
		AC51CBB822565A74000E516B /* Info.plist */ = {isa = PBXFileReference; lastKnownFileType = text.plist.xml; path = Info.plist; sourceTree = "<group>"; };
		AC51CBBE22565A8C000E516B /* FavoritesTests.swift */ = {isa = PBXFileReference; lastKnownFileType = sourcecode.swift; path = FavoritesTests.swift; sourceTree = "<group>"; };
		AC898ECE223B2AAC00702F59 /* NewsCellViewModel.swift */ = {isa = PBXFileReference; lastKnownFileType = sourcecode.swift; path = NewsCellViewModel.swift; sourceTree = "<group>"; };
		AC898ED0223B2BFE00702F59 /* ConfigurableCell.swift */ = {isa = PBXFileReference; lastKnownFileType = sourcecode.swift; path = ConfigurableCell.swift; sourceTree = "<group>"; };
		AC898ED2223B312700702F59 /* HomeViewModel.swift */ = {isa = PBXFileReference; lastKnownFileType = sourcecode.swift; path = HomeViewModel.swift; sourceTree = "<group>"; };
		AC898ED9223B66AC00702F59 /* RSSUrls.json */ = {isa = PBXFileReference; lastKnownFileType = text.json; path = RSSUrls.json; sourceTree = "<group>"; };
		AC898EDC223B66E300702F59 /* RSSUrls.swift */ = {isa = PBXFileReference; lastKnownFileType = sourcecode.swift; path = RSSUrls.swift; sourceTree = "<group>"; };
		AC898EDE223B678E00702F59 /* RSSManager.swift */ = {isa = PBXFileReference; lastKnownFileType = sourcecode.swift; path = RSSManager.swift; sourceTree = "<group>"; };
		AC898EE0223B6BAA00702F59 /* APIManager.swift */ = {isa = PBXFileReference; lastKnownFileType = sourcecode.swift; path = APIManager.swift; sourceTree = "<group>"; };
		AC898EE4223B6C0000702F59 /* Endpoint.swift */ = {isa = PBXFileReference; lastKnownFileType = sourcecode.swift; path = Endpoint.swift; sourceTree = "<group>"; };
		AC898EE6223B715B00702F59 /* News.swift */ = {isa = PBXFileReference; lastKnownFileType = sourcecode.swift; path = News.swift; sourceTree = "<group>"; };
		AC898EE9223B7CCD00702F59 /* NewsDetailViewController.swift */ = {isa = PBXFileReference; lastKnownFileType = sourcecode.swift; path = NewsDetailViewController.swift; sourceTree = "<group>"; };
		AC898EEA223B7CCD00702F59 /* NewsDetailViewController.xib */ = {isa = PBXFileReference; lastKnownFileType = file.xib; path = NewsDetailViewController.xib; sourceTree = "<group>"; };
		ACCB54482256641B0076A9AC /* detail-animation.json */ = {isa = PBXFileReference; fileEncoding = 4; lastKnownFileType = text.json; path = "detail-animation.json"; sourceTree = "<group>"; };
		ACCB544A225664330076A9AC /* Animations.swift */ = {isa = PBXFileReference; lastKnownFileType = sourcecode.swift; path = Animations.swift; sourceTree = "<group>"; };
		ACCB544C22566BFC0076A9AC /* NewsDetailViewModel.swift */ = {isa = PBXFileReference; lastKnownFileType = sourcecode.swift; path = NewsDetailViewModel.swift; sourceTree = "<group>"; };
		ACCB5454225671E10076A9AC /* FavoriteCollectionViewCell.swift */ = {isa = PBXFileReference; lastKnownFileType = sourcecode.swift; path = FavoriteCollectionViewCell.swift; sourceTree = "<group>"; };
		ACCB5455225671E10076A9AC /* FavoriteCollectionViewCell.xib */ = {isa = PBXFileReference; lastKnownFileType = file.xib; path = FavoriteCollectionViewCell.xib; sourceTree = "<group>"; };
		ACCB54582256737C0076A9AC /* FavoriteCellViewModel.swift */ = {isa = PBXFileReference; lastKnownFileType = sourcecode.swift; path = FavoriteCellViewModel.swift; sourceTree = "<group>"; };
		D37B37970C255E529929A1F2 /* Pods_gamingnews.framework */ = {isa = PBXFileReference; explicitFileType = wrapper.framework; includeInIndex = 0; path = Pods_gamingnews.framework; sourceTree = BUILT_PRODUCTS_DIR; };
/* End PBXFileReference section */

/* Begin PBXFrameworksBuildPhase section */
		2CD07FBB223AB7DE00C024AC /* Frameworks */ = {
			isa = PBXFrameworksBuildPhase;
			buildActionMask = 2147483647;
			files = (
				74B6FA920865AEF8100CF794 /* Pods_gamingnews.framework in Frameworks */,
			);
			runOnlyForDeploymentPostprocessing = 0;
		};
		AC51CBB122565A74000E516B /* Frameworks */ = {
			isa = PBXFrameworksBuildPhase;
			buildActionMask = 2147483647;
			files = (
				AAD6E7E8DDAC3D9158917488 /* Pods_gamingnewsTests.framework in Frameworks */,
			);
			runOnlyForDeploymentPostprocessing = 0;
		};
/* End PBXFrameworksBuildPhase section */

/* Begin PBXGroup section */
		176172E016C5AF68E0F1BC3D /* Pods */ = {
			isa = PBXGroup;
			children = (
				A10E3A335BDA3E1DEE5D8E5C /* Pods-gamingnews.debug.xcconfig */,
				7F7818FFC41C0F0F80F39F0D /* Pods-gamingnews.release.xcconfig */,
				137E7776AF5EAB3DDC2C5BD5 /* Pods-gamingnewsTests.debug.xcconfig */,
				0D6C71A238A2F55D3B79B083 /* Pods-gamingnewsTests.release.xcconfig */,
			);
			name = Pods;
			sourceTree = "<group>";
		};
		2C497FB1223ABE8C008F76CF /* Shared */ = {
			isa = PBXGroup;
			children = (
				ACCB5447225664120076A9AC /* Animations */,
				AC51CBAD225652A2000E516B /* Managers */,
				AC898EDB223B66D900702F59 /* Models */,
				AC898ED4223B666700702F59 /* API */,
				2CCEBE78223AF78200B6DF2B /* Cells */,
				2C497FCA223AEAAA008F76CF /* Bases */,
				2C497FBE223AEAAA008F76CF /* Extensions */,
				2C497FBB223AEAAA008F76CF /* Lang */,
				2C497FC6223AEAAA008F76CF /* Utils */,
				2C497FB3223ABEAE008F76CF /* UI */,
				2C497FB2223ABE95008F76CF /* Config */,
				2CD07FC8223AB7E000C024AC /* Assets.xcassets */,
			);
			path = Shared;
			sourceTree = "<group>";
		};
		2C497FB2223ABE95008F76CF /* Config */ = {
			isa = PBXGroup;
			children = (
				2CBABFF12242D09100C5438B /* GoogleService-Info.plist */,
				2CD07FC1223AB7DE00C024AC /* AppDelegate.swift */,
				2CD07FCD223AB7E000C024AC /* Info.plist */,
			);
			path = Config;
			sourceTree = "<group>";
		};
		2C497FB3223ABEAE008F76CF /* UI */ = {
			isa = PBXGroup;
			children = (
				2CD07FCA223AB7E000C024AC /* LaunchScreen.storyboard */,
			);
			path = UI;
			sourceTree = "<group>";
		};
		2C497FBB223AEAAA008F76CF /* Lang */ = {
			isa = PBXGroup;
			children = (
				2C497FBC223AEAAA008F76CF /* lang-en.json */,
				2C497FBD223AEAAA008F76CF /* lang-es.json */,
			);
			path = Lang;
			sourceTree = "<group>";
		};
		2C497FBE223AEAAA008F76CF /* Extensions */ = {
			isa = PBXGroup;
			children = (
				2C497FBF223AEAAA008F76CF /* Array+Extensions.swift */,
				2C497FC0223AEAAA008F76CF /* UIImageView+Extensions.swift */,
				2C497FC1223AEAAA008F76CF /* UIView+Extensions.swift */,
				2C497FC2223AEAAA008F76CF /* UICollectionViewCell+Extensions.swift */,
				2C497FC3223AEAAA008F76CF /* UITableView+Extensions.swift */,
				2C497FC4223AEAAA008F76CF /* UITableViewCell+Extensions.swift */,
				2C497FC5223AEAAA008F76CF /* UICollectionView+Extensions.swift */,
				2CCEBE74223AF3E700B6DF2B /* UIColor+BrandColors.swift */,
			);
			path = Extensions;
			sourceTree = "<group>";
		};
		2C497FC6223AEAAA008F76CF /* Utils */ = {
			isa = PBXGroup;
			children = (
				2C497FC7223AEAAA008F76CF /* Constants.swift */,
				2C497FC8223AEAAA008F76CF /* Dialogs.swift */,
			);
			path = Utils;
			sourceTree = "<group>";
		};
		2C497FCA223AEAAA008F76CF /* Bases */ = {
			isa = PBXGroup;
			children = (
				2C497FCB223AEAAA008F76CF /* BaseViewController.swift */,
				2C497FCC223AEAAA008F76CF /* BaseViewModelProtocol.swift */,
			);
			path = Bases;
			sourceTree = "<group>";
		};
		2C497FDE223AEB79008F76CF /* App */ = {
			isa = PBXGroup;
			children = (
				AC898EE8223B7CB700702F59 /* NewsDetail */,
				2CCEBE6B223AF1CD00B6DF2B /* Favorites */,
				2CCEBE6A223AF1C700B6DF2B /* Settings */,
				2CF3F2A7223AEF2A0033AEA8 /* Main */,
				2C497FDF223AEB7E008F76CF /* Home */,
			);
			path = App;
			sourceTree = "<group>";
		};
		2C497FDF223AEB7E008F76CF /* Home */ = {
			isa = PBXGroup;
			children = (
				2C497FE0223AEB8F008F76CF /* HomeViewController.swift */,
				2C497FE1223AEB8F008F76CF /* HomeViewController.xib */,
				AC898ED2223B312700702F59 /* HomeViewModel.swift */,
			);
			path = Home;
			sourceTree = "<group>";
		};
		2C67C514224148B7005AA143 /* FiltersContainerTableViewCell */ = {
			isa = PBXGroup;
			children = (
				2C67C515224148DD005AA143 /* FiltersContainerTableViewCell.swift */,
				2C67C516224148DD005AA143 /* FiltersContainerTableViewCell.xib */,
			);
			path = FiltersContainerTableViewCell;
			sourceTree = "<group>";
		};
		2C67C51922414C13005AA143 /* CollectionViewCells */ = {
			isa = PBXGroup;
			children = (
				ACCB5453225671CB0076A9AC /* FavoriteCollectionViewCell */,
				2C67C51A22414C1A005AA143 /* FilterCollectionViewCell */,
			);
			path = CollectionViewCells;
			sourceTree = "<group>";
		};
		2C67C51A22414C1A005AA143 /* FilterCollectionViewCell */ = {
			isa = PBXGroup;
			children = (
				2C67C51B22414C36005AA143 /* FilterCollectionViewCell.swift */,
				2C67C51C22414C36005AA143 /* FilterCollectionViewCell.xib */,
				2C67C51F22414EA5005AA143 /* FilterCellViewModel.swift */,
			);
			path = FilterCollectionViewCell;
			sourceTree = "<group>";
		};
		2CCEBE6A223AF1C700B6DF2B /* Settings */ = {
			isa = PBXGroup;
			children = (
				2CCEBE70223AF1FB00B6DF2B /* SettingsViewController.swift */,
				2CCEBE71223AF1FB00B6DF2B /* SettingsViewController.xib */,
			);
			path = Settings;
			sourceTree = "<group>";
		};
		2CCEBE6B223AF1CD00B6DF2B /* Favorites */ = {
			isa = PBXGroup;
			children = (
				2CCEBE6C223AF1E700B6DF2B /* FavoritesViewController.swift */,
				2CCEBE6D223AF1E700B6DF2B /* FavoritesViewController.xib */,
			);
			path = Favorites;
			sourceTree = "<group>";
		};
		2CCEBE78223AF78200B6DF2B /* Cells */ = {
			isa = PBXGroup;
			children = (
				2C67C51922414C13005AA143 /* CollectionViewCells */,
				2CCEBE79223AF78900B6DF2B /* TableViewCells */,
				2CCEBE7F223AF90900B6DF2B /* ConfigurableCellProtocol.swift */,
				AC898ED0223B2BFE00702F59 /* ConfigurableCell.swift */,
			);
			path = Cells;
			sourceTree = "<group>";
		};
		2CCEBE79223AF78900B6DF2B /* TableViewCells */ = {
			isa = PBXGroup;
			children = (
				2C67C514224148B7005AA143 /* FiltersContainerTableViewCell */,
				2CCEBE7A223AF8B400B6DF2B /* NewsTableViewCell */,
			);
			path = TableViewCells;
			sourceTree = "<group>";
		};
		2CCEBE7A223AF8B400B6DF2B /* NewsTableViewCell */ = {
			isa = PBXGroup;
			children = (
				2CCEBE7B223AF8C300B6DF2B /* NewsTableViewCell.swift */,
				2CCEBE7C223AF8C300B6DF2B /* NewsTableViewCell.xib */,
				AC898ECE223B2AAC00702F59 /* NewsCellViewModel.swift */,
			);
			path = NewsTableViewCell;
			sourceTree = "<group>";
		};
		2CD07FB5223AB7DE00C024AC = {
			isa = PBXGroup;
			children = (
				2CD07FC0223AB7DE00C024AC /* gamingnews */,
				AC51CBB522565A74000E516B /* gamingnewsTests */,
				2CD07FBF223AB7DE00C024AC /* Products */,
				176172E016C5AF68E0F1BC3D /* Pods */,
				C00F5B65DDC870B276067A56 /* Frameworks */,
			);
			sourceTree = "<group>";
		};
		2CD07FBF223AB7DE00C024AC /* Products */ = {
			isa = PBXGroup;
			children = (
				2CD07FBE223AB7DE00C024AC /* gamingnews.app */,
				AC51CBB422565A74000E516B /* gamingnewsTests.xctest */,
			);
			name = Products;
			sourceTree = "<group>";
		};
		2CD07FC0223AB7DE00C024AC /* gamingnews */ = {
			isa = PBXGroup;
			children = (
				2CBABFF32242DF4600C5438B /* gamingnews.entitlements */,
				2C497FDE223AEB79008F76CF /* App */,
				2C497FB1223ABE8C008F76CF /* Shared */,
			);
			path = gamingnews;
			sourceTree = "<group>";
		};
		2CF3F2A7223AEF2A0033AEA8 /* Main */ = {
			isa = PBXGroup;
			children = (
				2CF3F2A8223AEF570033AEA8 /* MainTabBarController.swift */,
				2CCEBE76223AF4A200B6DF2B /* MainNavigationController.swift */,
			);
			path = Main;
			sourceTree = "<group>";
		};
		AC51CBAD225652A2000E516B /* Managers */ = {
			isa = PBXGroup;
			children = (
				AC51CBAE225652C2000E516B /* FavoritesManager.swift */,
			);
			path = Managers;
			sourceTree = "<group>";
		};
		AC51CBB522565A74000E516B /* gamingnewsTests */ = {
			isa = PBXGroup;
			children = (
				AC51CBBE22565A8C000E516B /* FavoritesTests.swift */,
				AC51CBB822565A74000E516B /* Info.plist */,
			);
			path = gamingnewsTests;
			sourceTree = "<group>";
		};
		AC898ED4223B666700702F59 /* API */ = {
			isa = PBXGroup;
			children = (
				AC898ED9223B66AC00702F59 /* RSSUrls.json */,
				AC898EDE223B678E00702F59 /* RSSManager.swift */,
				AC898EE0223B6BAA00702F59 /* APIManager.swift */,
				AC898EE4223B6C0000702F59 /* Endpoint.swift */,
				AC21D125223EB07700A10AB8 /* RSSNewsDecoder.swift */,
			);
			path = API;
			sourceTree = "<group>";
		};
		AC898EDB223B66D900702F59 /* Models */ = {
			isa = PBXGroup;
			children = (
				AC898EDC223B66E300702F59 /* RSSUrls.swift */,
				AC898EE6223B715B00702F59 /* News.swift */,
			);
			path = Models;
			sourceTree = "<group>";
		};
		AC898EE8223B7CB700702F59 /* NewsDetail */ = {
			isa = PBXGroup;
			children = (
				AC898EE9223B7CCD00702F59 /* NewsDetailViewController.swift */,
				ACCB544C22566BFC0076A9AC /* NewsDetailViewModel.swift */,
				AC898EEA223B7CCD00702F59 /* NewsDetailViewController.xib */,
			);
			path = NewsDetail;
			sourceTree = "<group>";
		};
		ACCB5447225664120076A9AC /* Animations */ = {
			isa = PBXGroup;
			children = (
				ACCB54482256641B0076A9AC /* detail-animation.json */,
				ACCB544A225664330076A9AC /* Animations.swift */,
			);
			path = Animations;
			sourceTree = "<group>";
		};
		ACCB5453225671CB0076A9AC /* FavoriteCollectionViewCell */ = {
			isa = PBXGroup;
			children = (
				ACCB5454225671E10076A9AC /* FavoriteCollectionViewCell.swift */,
				ACCB5455225671E10076A9AC /* FavoriteCollectionViewCell.xib */,
				ACCB54582256737C0076A9AC /* FavoriteCellViewModel.swift */,
			);
			path = FavoriteCollectionViewCell;
			sourceTree = "<group>";
		};
		C00F5B65DDC870B276067A56 /* Frameworks */ = {
			isa = PBXGroup;
			children = (
				D37B37970C255E529929A1F2 /* Pods_gamingnews.framework */,
				94B2B6E37DCC71445E2DC8D3 /* Pods_gamingnewsTests.framework */,
			);
			name = Frameworks;
			sourceTree = "<group>";
		};
/* End PBXGroup section */

/* Begin PBXNativeTarget section */
		2CD07FBD223AB7DE00C024AC /* gamingnews */ = {
			isa = PBXNativeTarget;
			buildConfigurationList = 2CD07FD0223AB7E000C024AC /* Build configuration list for PBXNativeTarget "gamingnews" */;
			buildPhases = (
				734C338CF47D9544D1D6376D /* [CP] Check Pods Manifest.lock */,
				2CD07FBA223AB7DE00C024AC /* Sources */,
				2CD07FBB223AB7DE00C024AC /* Frameworks */,
				2CD07FBC223AB7DE00C024AC /* Resources */,
				3D74CB18AE90CC89A944E2AB /* [CP] Embed Pods Frameworks */,
				2C497FAF223ABE53008F76CF /* ShellScript */,
			);
			buildRules = (
			);
			dependencies = (
			);
			name = gamingnews;
			productName = gamingnews;
			productReference = 2CD07FBE223AB7DE00C024AC /* gamingnews.app */;
			productType = "com.apple.product-type.application";
		};
		AC51CBB322565A74000E516B /* gamingnewsTests */ = {
			isa = PBXNativeTarget;
			buildConfigurationList = AC51CBBD22565A74000E516B /* Build configuration list for PBXNativeTarget "gamingnewsTests" */;
			buildPhases = (
				D3D4181B6D69A1A4CE6ECF1D /* [CP] Check Pods Manifest.lock */,
				AC51CBB022565A74000E516B /* Sources */,
				AC51CBB122565A74000E516B /* Frameworks */,
				AC51CBB222565A74000E516B /* Resources */,
				051C777C7A74D5FD1DCB3C5C /* [CP] Embed Pods Frameworks */,
			);
			buildRules = (
			);
			dependencies = (
				AC51CBBA22565A74000E516B /* PBXTargetDependency */,
			);
			name = gamingnewsTests;
			productName = gamingnewsTests;
			productReference = AC51CBB422565A74000E516B /* gamingnewsTests.xctest */;
			productType = "com.apple.product-type.bundle.unit-test";
		};
/* End PBXNativeTarget section */

/* Begin PBXProject section */
		2CD07FB6223AB7DE00C024AC /* Project object */ = {
			isa = PBXProject;
			attributes = {
				LastSwiftUpdateCheck = 1010;
				LastUpgradeCheck = 1010;
				ORGANIZATIONNAME = "Carlos Mejia";
				TargetAttributes = {
					2CD07FBD223AB7DE00C024AC = {
						CreatedOnToolsVersion = 10.1;
						SystemCapabilities = {
							com.apple.Push = {
								enabled = 1;
							};
						};
					};
					AC51CBB322565A74000E516B = {
						CreatedOnToolsVersion = 10.1;
						TestTargetID = 2CD07FBD223AB7DE00C024AC;
					};
				};
			};
			buildConfigurationList = 2CD07FB9223AB7DE00C024AC /* Build configuration list for PBXProject "gamingnews" */;
			compatibilityVersion = "Xcode 9.3";
			developmentRegion = en;
			hasScannedForEncodings = 0;
			knownRegions = (
				en,
				Base,
			);
			mainGroup = 2CD07FB5223AB7DE00C024AC;
			productRefGroup = 2CD07FBF223AB7DE00C024AC /* Products */;
			projectDirPath = "";
			projectRoot = "";
			targets = (
				2CD07FBD223AB7DE00C024AC /* gamingnews */,
				AC51CBB322565A74000E516B /* gamingnewsTests */,
			);
		};
/* End PBXProject section */

/* Begin PBXResourcesBuildPhase section */
		2CD07FBC223AB7DE00C024AC /* Resources */ = {
			isa = PBXResourcesBuildPhase;
			buildActionMask = 2147483647;
			files = (
				2CBABFF22242D09100C5438B /* GoogleService-Info.plist in Resources */,
				2CD07FCC223AB7E000C024AC /* LaunchScreen.storyboard in Resources */,
				2CD07FC9223AB7E000C024AC /* Assets.xcassets in Resources */,
				AC898EDA223B66AC00702F59 /* RSSUrls.json in Resources */,
				ACCB5457225671E10076A9AC /* FavoriteCollectionViewCell.xib in Resources */,
				2C67C518224148DD005AA143 /* FiltersContainerTableViewCell.xib in Resources */,
				ACCB54492256641B0076A9AC /* detail-animation.json in Resources */,
				2C497FE3223AEB8F008F76CF /* HomeViewController.xib in Resources */,
				2C497FCE223AEAAA008F76CF /* lang-en.json in Resources */,
				2CCEBE6F223AF1E700B6DF2B /* FavoritesViewController.xib in Resources */,
				AC898EEC223B7CCD00702F59 /* NewsDetailViewController.xib in Resources */,
				2CCEBE73223AF1FB00B6DF2B /* SettingsViewController.xib in Resources */,
				2CCEBE7E223AF8C300B6DF2B /* NewsTableViewCell.xib in Resources */,
				2C67C51E22414C36005AA143 /* FilterCollectionViewCell.xib in Resources */,
				2C497FCF223AEAAA008F76CF /* lang-es.json in Resources */,
			);
			runOnlyForDeploymentPostprocessing = 0;
		};
		AC51CBB222565A74000E516B /* Resources */ = {
			isa = PBXResourcesBuildPhase;
			buildActionMask = 2147483647;
			files = (
			);
			runOnlyForDeploymentPostprocessing = 0;
		};
/* End PBXResourcesBuildPhase section */

/* Begin PBXShellScriptBuildPhase section */
		051C777C7A74D5FD1DCB3C5C /* [CP] Embed Pods Frameworks */ = {
			isa = PBXShellScriptBuildPhase;
			buildActionMask = 2147483647;
			files = (
			);
			inputPaths = (
				"${SRCROOT}/Pods/Target Support Files/Pods-gamingnewsTests/Pods-gamingnewsTests-frameworks.sh",
				"${BUILT_PRODUCTS_DIR}/GoogleUtilities/GoogleUtilities.framework",
				"${BUILT_PRODUCTS_DIR}/nanopb/nanopb.framework",
			);
			name = "[CP] Embed Pods Frameworks";
			outputPaths = (
				"${TARGET_BUILD_DIR}/${FRAMEWORKS_FOLDER_PATH}/GoogleUtilities.framework",
				"${TARGET_BUILD_DIR}/${FRAMEWORKS_FOLDER_PATH}/nanopb.framework",
			);
			runOnlyForDeploymentPostprocessing = 0;
			shellPath = /bin/sh;
			shellScript = "\"${SRCROOT}/Pods/Target Support Files/Pods-gamingnewsTests/Pods-gamingnewsTests-frameworks.sh\"\n";
			showEnvVarsInLog = 0;
		};
		2C497FAF223ABE53008F76CF /* ShellScript */ = {
			isa = PBXShellScriptBuildPhase;
			buildActionMask = 2147483647;
			files = (
			);
			inputPaths = (
			);
			outputPaths = (
			);
			runOnlyForDeploymentPostprocessing = 0;
			shellPath = /bin/sh;
			shellScript = "\"${PODS_ROOT}/SwiftLint/swiftlint\"\n";
		};
		3D74CB18AE90CC89A944E2AB /* [CP] Embed Pods Frameworks */ = {
			isa = PBXShellScriptBuildPhase;
			buildActionMask = 2147483647;
			files = (
			);
			inputPaths = (
				"${SRCROOT}/Pods/Target Support Files/Pods-gamingnews/Pods-gamingnews-frameworks.sh",
				"${BUILT_PRODUCTS_DIR}/Alamofire/Alamofire.framework",
				"${BUILT_PRODUCTS_DIR}/CodableAlamofire/CodableAlamofire.framework",
				"${BUILT_PRODUCTS_DIR}/Disk/Disk.framework",
				"${BUILT_PRODUCTS_DIR}/GoogleUtilities/GoogleUtilities.framework",
				"${BUILT_PRODUCTS_DIR}/Hero/Hero.framework",
				"${BUILT_PRODUCTS_DIR}/Kingfisher/Kingfisher.framework",
				"${BUILT_PRODUCTS_DIR}/Localize/Localize.framework",
				"${BUILT_PRODUCTS_DIR}/Protobuf/Protobuf.framework",
				"${BUILT_PRODUCTS_DIR}/SWXMLHash/SWXMLHash.framework",
				"${BUILT_PRODUCTS_DIR}/lottie-ios/Lottie.framework",
				"${BUILT_PRODUCTS_DIR}/nanopb/nanopb.framework",
			);
			name = "[CP] Embed Pods Frameworks";
			outputPaths = (
				"${TARGET_BUILD_DIR}/${FRAMEWORKS_FOLDER_PATH}/Alamofire.framework",
				"${TARGET_BUILD_DIR}/${FRAMEWORKS_FOLDER_PATH}/CodableAlamofire.framework",
				"${TARGET_BUILD_DIR}/${FRAMEWORKS_FOLDER_PATH}/Disk.framework",
				"${TARGET_BUILD_DIR}/${FRAMEWORKS_FOLDER_PATH}/GoogleUtilities.framework",
				"${TARGET_BUILD_DIR}/${FRAMEWORKS_FOLDER_PATH}/Hero.framework",
				"${TARGET_BUILD_DIR}/${FRAMEWORKS_FOLDER_PATH}/Kingfisher.framework",
				"${TARGET_BUILD_DIR}/${FRAMEWORKS_FOLDER_PATH}/Localize.framework",
				"${TARGET_BUILD_DIR}/${FRAMEWORKS_FOLDER_PATH}/Protobuf.framework",
				"${TARGET_BUILD_DIR}/${FRAMEWORKS_FOLDER_PATH}/SWXMLHash.framework",
				"${TARGET_BUILD_DIR}/${FRAMEWORKS_FOLDER_PATH}/Lottie.framework",
				"${TARGET_BUILD_DIR}/${FRAMEWORKS_FOLDER_PATH}/nanopb.framework",
			);
			runOnlyForDeploymentPostprocessing = 0;
			shellPath = /bin/sh;
			shellScript = "\"${SRCROOT}/Pods/Target Support Files/Pods-gamingnews/Pods-gamingnews-frameworks.sh\"\n";
			showEnvVarsInLog = 0;
		};
		734C338CF47D9544D1D6376D /* [CP] Check Pods Manifest.lock */ = {
			isa = PBXShellScriptBuildPhase;
			buildActionMask = 2147483647;
			files = (
			);
			inputPaths = (
				"${PODS_PODFILE_DIR_PATH}/Podfile.lock",
				"${PODS_ROOT}/Manifest.lock",
			);
			name = "[CP] Check Pods Manifest.lock";
			outputPaths = (
				"$(DERIVED_FILE_DIR)/Pods-gamingnews-checkManifestLockResult.txt",
			);
			runOnlyForDeploymentPostprocessing = 0;
			shellPath = /bin/sh;
			shellScript = "diff \"${PODS_PODFILE_DIR_PATH}/Podfile.lock\" \"${PODS_ROOT}/Manifest.lock\" > /dev/null\nif [ $? != 0 ] ; then\n    # print error to STDERR\n    echo \"error: The sandbox is not in sync with the Podfile.lock. Run 'pod install' or update your CocoaPods installation.\" >&2\n    exit 1\nfi\n# This output is used by Xcode 'outputs' to avoid re-running this script phase.\necho \"SUCCESS\" > \"${SCRIPT_OUTPUT_FILE_0}\"\n";
			showEnvVarsInLog = 0;
		};
		D3D4181B6D69A1A4CE6ECF1D /* [CP] Check Pods Manifest.lock */ = {
			isa = PBXShellScriptBuildPhase;
			buildActionMask = 2147483647;
			files = (
			);
			inputPaths = (
				"${PODS_PODFILE_DIR_PATH}/Podfile.lock",
				"${PODS_ROOT}/Manifest.lock",
			);
			name = "[CP] Check Pods Manifest.lock";
			outputPaths = (
				"$(DERIVED_FILE_DIR)/Pods-gamingnewsTests-checkManifestLockResult.txt",
			);
			runOnlyForDeploymentPostprocessing = 0;
			shellPath = /bin/sh;
			shellScript = "diff \"${PODS_PODFILE_DIR_PATH}/Podfile.lock\" \"${PODS_ROOT}/Manifest.lock\" > /dev/null\nif [ $? != 0 ] ; then\n    # print error to STDERR\n    echo \"error: The sandbox is not in sync with the Podfile.lock. Run 'pod install' or update your CocoaPods installation.\" >&2\n    exit 1\nfi\n# This output is used by Xcode 'outputs' to avoid re-running this script phase.\necho \"SUCCESS\" > \"${SCRIPT_OUTPUT_FILE_0}\"\n";
			showEnvVarsInLog = 0;
		};
/* End PBXShellScriptBuildPhase section */

/* Begin PBXSourcesBuildPhase section */
		2CD07FBA223AB7DE00C024AC /* Sources */ = {
			isa = PBXSourcesBuildPhase;
			buildActionMask = 2147483647;
			files = (
				2CCEBE77223AF4A200B6DF2B /* MainNavigationController.swift in Sources */,
				2C497FD1223AEAAA008F76CF /* UIImageView+Extensions.swift in Sources */,
				2CD07FC2223AB7DE00C024AC /* AppDelegate.swift in Sources */,
				2C497FD2223AEAAA008F76CF /* UIView+Extensions.swift in Sources */,
				2C67C51D22414C36005AA143 /* FilterCollectionViewCell.swift in Sources */,
				2C497FD4223AEAAA008F76CF /* UITableView+Extensions.swift in Sources */,
				ACCB544B225664330076A9AC /* Animations.swift in Sources */,
				2C67C517224148DD005AA143 /* FiltersContainerTableViewCell.swift in Sources */,
				AC898ED3223B312700702F59 /* HomeViewModel.swift in Sources */,
				2C497FD6223AEAAA008F76CF /* UICollectionView+Extensions.swift in Sources */,
				2C497FDA223AEAAA008F76CF /* BaseViewController.swift in Sources */,
				2C497FD5223AEAAA008F76CF /* UITableViewCell+Extensions.swift in Sources */,
				ACCB544D22566BFC0076A9AC /* NewsDetailViewModel.swift in Sources */,
				ACCB5456225671E10076A9AC /* FavoriteCollectionViewCell.swift in Sources */,
				2CCEBE72223AF1FB00B6DF2B /* SettingsViewController.swift in Sources */,
				AC898EE1223B6BAA00702F59 /* APIManager.swift in Sources */,
				2C497FD0223AEAAA008F76CF /* Array+Extensions.swift in Sources */,
				AC898ED1223B2BFE00702F59 /* ConfigurableCell.swift in Sources */,
				AC898EE5223B6C0000702F59 /* Endpoint.swift in Sources */,
				2CCEBE80223AF90900B6DF2B /* ConfigurableCellProtocol.swift in Sources */,
				2C497FD8223AEAAA008F76CF /* Dialogs.swift in Sources */,
				2C497FD3223AEAAA008F76CF /* UICollectionViewCell+Extensions.swift in Sources */,
				AC898EDF223B678E00702F59 /* RSSManager.swift in Sources */,
				2CF3F2A9223AEF570033AEA8 /* MainTabBarController.swift in Sources */,
				ACCB54592256737C0076A9AC /* FavoriteCellViewModel.swift in Sources */,
				2CCEBE75223AF3E700B6DF2B /* UIColor+BrandColors.swift in Sources */,
				AC898EE7223B715B00702F59 /* News.swift in Sources */,
				AC21D126223EB07700A10AB8 /* RSSNewsDecoder.swift in Sources */,
				AC51CBAF225652C2000E516B /* FavoritesManager.swift in Sources */,
				AC898ECF223B2AAC00702F59 /* NewsCellViewModel.swift in Sources */,
				2C67C52022414EA5005AA143 /* FilterCellViewModel.swift in Sources */,
				2C497FD7223AEAAA008F76CF /* Constants.swift in Sources */,
				AC898EEB223B7CCD00702F59 /* NewsDetailViewController.swift in Sources */,
				2C497FE2223AEB8F008F76CF /* HomeViewController.swift in Sources */,
				2CCEBE6E223AF1E700B6DF2B /* FavoritesViewController.swift in Sources */,
				2C497FDB223AEAAA008F76CF /* BaseViewModelProtocol.swift in Sources */,
				AC898EDD223B66E300702F59 /* RSSUrls.swift in Sources */,
				2CCEBE7D223AF8C300B6DF2B /* NewsTableViewCell.swift in Sources */,
			);
			runOnlyForDeploymentPostprocessing = 0;
		};
		AC51CBB022565A74000E516B /* Sources */ = {
			isa = PBXSourcesBuildPhase;
			buildActionMask = 2147483647;
			files = (
				AC51CBBF22565A8C000E516B /* FavoritesTests.swift in Sources */,
			);
			runOnlyForDeploymentPostprocessing = 0;
		};
/* End PBXSourcesBuildPhase section */

/* Begin PBXTargetDependency section */
		AC51CBBA22565A74000E516B /* PBXTargetDependency */ = {
			isa = PBXTargetDependency;
			target = 2CD07FBD223AB7DE00C024AC /* gamingnews */;
			targetProxy = AC51CBB922565A74000E516B /* PBXContainerItemProxy */;
		};
/* End PBXTargetDependency section */

/* Begin PBXVariantGroup section */
		2CD07FCA223AB7E000C024AC /* LaunchScreen.storyboard */ = {
			isa = PBXVariantGroup;
			children = (
				2CD07FCB223AB7E000C024AC /* Base */,
			);
			name = LaunchScreen.storyboard;
			sourceTree = "<group>";
		};
/* End PBXVariantGroup section */

/* Begin XCBuildConfiguration section */
		2CD07FCE223AB7E000C024AC /* Debug */ = {
			isa = XCBuildConfiguration;
			buildSettings = {
				ALWAYS_SEARCH_USER_PATHS = NO;
				CLANG_ANALYZER_NONNULL = YES;
				CLANG_ANALYZER_NUMBER_OBJECT_CONVERSION = YES_AGGRESSIVE;
				CLANG_CXX_LANGUAGE_STANDARD = "gnu++14";
				CLANG_CXX_LIBRARY = "libc++";
				CLANG_ENABLE_MODULES = YES;
				CLANG_ENABLE_OBJC_ARC = YES;
				CLANG_ENABLE_OBJC_WEAK = YES;
				CLANG_WARN_BLOCK_CAPTURE_AUTORELEASING = YES;
				CLANG_WARN_BOOL_CONVERSION = YES;
				CLANG_WARN_COMMA = YES;
				CLANG_WARN_CONSTANT_CONVERSION = YES;
				CLANG_WARN_DEPRECATED_OBJC_IMPLEMENTATIONS = YES;
				CLANG_WARN_DIRECT_OBJC_ISA_USAGE = YES_ERROR;
				CLANG_WARN_DOCUMENTATION_COMMENTS = YES;
				CLANG_WARN_EMPTY_BODY = YES;
				CLANG_WARN_ENUM_CONVERSION = YES;
				CLANG_WARN_INFINITE_RECURSION = YES;
				CLANG_WARN_INT_CONVERSION = YES;
				CLANG_WARN_NON_LITERAL_NULL_CONVERSION = YES;
				CLANG_WARN_OBJC_IMPLICIT_RETAIN_SELF = YES;
				CLANG_WARN_OBJC_LITERAL_CONVERSION = YES;
				CLANG_WARN_OBJC_ROOT_CLASS = YES_ERROR;
				CLANG_WARN_RANGE_LOOP_ANALYSIS = YES;
				CLANG_WARN_STRICT_PROTOTYPES = YES;
				CLANG_WARN_SUSPICIOUS_MOVE = YES;
				CLANG_WARN_UNGUARDED_AVAILABILITY = YES_AGGRESSIVE;
				CLANG_WARN_UNREACHABLE_CODE = YES;
				CLANG_WARN__DUPLICATE_METHOD_MATCH = YES;
				CODE_SIGN_IDENTITY = "iPhone Developer";
				COPY_PHASE_STRIP = NO;
				DEBUG_INFORMATION_FORMAT = dwarf;
				ENABLE_STRICT_OBJC_MSGSEND = YES;
				ENABLE_TESTABILITY = YES;
				GCC_C_LANGUAGE_STANDARD = gnu11;
				GCC_DYNAMIC_NO_PIC = NO;
				GCC_NO_COMMON_BLOCKS = YES;
				GCC_OPTIMIZATION_LEVEL = 0;
				GCC_PREPROCESSOR_DEFINITIONS = (
					"DEBUG=1",
					"$(inherited)",
				);
				GCC_WARN_64_TO_32_BIT_CONVERSION = YES;
				GCC_WARN_ABOUT_RETURN_TYPE = YES_ERROR;
				GCC_WARN_UNDECLARED_SELECTOR = YES;
				GCC_WARN_UNINITIALIZED_AUTOS = YES_AGGRESSIVE;
				GCC_WARN_UNUSED_FUNCTION = YES;
				GCC_WARN_UNUSED_VARIABLE = YES;
				IPHONEOS_DEPLOYMENT_TARGET = 12.1;
				MTL_ENABLE_DEBUG_INFO = INCLUDE_SOURCE;
				MTL_FAST_MATH = YES;
				ONLY_ACTIVE_ARCH = YES;
				SDKROOT = iphoneos;
				SWIFT_ACTIVE_COMPILATION_CONDITIONS = DEBUG;
				SWIFT_OPTIMIZATION_LEVEL = "-Onone";
			};
			name = Debug;
		};
		2CD07FCF223AB7E000C024AC /* Release */ = {
			isa = XCBuildConfiguration;
			buildSettings = {
				ALWAYS_SEARCH_USER_PATHS = NO;
				CLANG_ANALYZER_NONNULL = YES;
				CLANG_ANALYZER_NUMBER_OBJECT_CONVERSION = YES_AGGRESSIVE;
				CLANG_CXX_LANGUAGE_STANDARD = "gnu++14";
				CLANG_CXX_LIBRARY = "libc++";
				CLANG_ENABLE_MODULES = YES;
				CLANG_ENABLE_OBJC_ARC = YES;
				CLANG_ENABLE_OBJC_WEAK = YES;
				CLANG_WARN_BLOCK_CAPTURE_AUTORELEASING = YES;
				CLANG_WARN_BOOL_CONVERSION = YES;
				CLANG_WARN_COMMA = YES;
				CLANG_WARN_CONSTANT_CONVERSION = YES;
				CLANG_WARN_DEPRECATED_OBJC_IMPLEMENTATIONS = YES;
				CLANG_WARN_DIRECT_OBJC_ISA_USAGE = YES_ERROR;
				CLANG_WARN_DOCUMENTATION_COMMENTS = YES;
				CLANG_WARN_EMPTY_BODY = YES;
				CLANG_WARN_ENUM_CONVERSION = YES;
				CLANG_WARN_INFINITE_RECURSION = YES;
				CLANG_WARN_INT_CONVERSION = YES;
				CLANG_WARN_NON_LITERAL_NULL_CONVERSION = YES;
				CLANG_WARN_OBJC_IMPLICIT_RETAIN_SELF = YES;
				CLANG_WARN_OBJC_LITERAL_CONVERSION = YES;
				CLANG_WARN_OBJC_ROOT_CLASS = YES_ERROR;
				CLANG_WARN_RANGE_LOOP_ANALYSIS = YES;
				CLANG_WARN_STRICT_PROTOTYPES = YES;
				CLANG_WARN_SUSPICIOUS_MOVE = YES;
				CLANG_WARN_UNGUARDED_AVAILABILITY = YES_AGGRESSIVE;
				CLANG_WARN_UNREACHABLE_CODE = YES;
				CLANG_WARN__DUPLICATE_METHOD_MATCH = YES;
				CODE_SIGN_IDENTITY = "iPhone Developer";
				COPY_PHASE_STRIP = NO;
				DEBUG_INFORMATION_FORMAT = "dwarf-with-dsym";
				ENABLE_NS_ASSERTIONS = NO;
				ENABLE_STRICT_OBJC_MSGSEND = YES;
				GCC_C_LANGUAGE_STANDARD = gnu11;
				GCC_NO_COMMON_BLOCKS = YES;
				GCC_WARN_64_TO_32_BIT_CONVERSION = YES;
				GCC_WARN_ABOUT_RETURN_TYPE = YES_ERROR;
				GCC_WARN_UNDECLARED_SELECTOR = YES;
				GCC_WARN_UNINITIALIZED_AUTOS = YES_AGGRESSIVE;
				GCC_WARN_UNUSED_FUNCTION = YES;
				GCC_WARN_UNUSED_VARIABLE = YES;
				IPHONEOS_DEPLOYMENT_TARGET = 12.1;
				MTL_ENABLE_DEBUG_INFO = NO;
				MTL_FAST_MATH = YES;
				SDKROOT = iphoneos;
				SWIFT_COMPILATION_MODE = wholemodule;
				SWIFT_OPTIMIZATION_LEVEL = "-O";
				VALIDATE_PRODUCT = YES;
			};
			name = Release;
		};
		2CD07FD1223AB7E000C024AC /* Debug */ = {
			isa = XCBuildConfiguration;
			baseConfigurationReference = A10E3A335BDA3E1DEE5D8E5C /* Pods-gamingnews.debug.xcconfig */;
			buildSettings = {
				ASSETCATALOG_COMPILER_APPICON_NAME = AppIcon;
				CODE_SIGN_ENTITLEMENTS = gamingnews/gamingnews.entitlements;
				CODE_SIGN_STYLE = Automatic;
				DEVELOPMENT_TEAM = J75TA62D6V;
				INFOPLIST_FILE = "$(SRCROOT)/gamingnews/Shared/Config/Info.plist";
				IPHONEOS_DEPLOYMENT_TARGET = 9.0;
				LD_RUNPATH_SEARCH_PATHS = (
					"$(inherited)",
					"@executable_path/Frameworks",
				);
				PRODUCT_BUNDLE_IDENTIFIER = com.mejiagarcia.gamingnews;
				PRODUCT_NAME = "$(TARGET_NAME)";
				SWIFT_VERSION = 4.2;
				TARGETED_DEVICE_FAMILY = 1;
			};
			name = Debug;
		};
		2CD07FD2223AB7E000C024AC /* Release */ = {
			isa = XCBuildConfiguration;
			baseConfigurationReference = 7F7818FFC41C0F0F80F39F0D /* Pods-gamingnews.release.xcconfig */;
			buildSettings = {
				ASSETCATALOG_COMPILER_APPICON_NAME = AppIcon;
				CODE_SIGN_ENTITLEMENTS = gamingnews/gamingnews.entitlements;
				CODE_SIGN_STYLE = Automatic;
				DEVELOPMENT_TEAM = J75TA62D6V;
				INFOPLIST_FILE = "$(SRCROOT)/gamingnews/Shared/Config/Info.plist";
				IPHONEOS_DEPLOYMENT_TARGET = 9.0;
				LD_RUNPATH_SEARCH_PATHS = (
					"$(inherited)",
					"@executable_path/Frameworks",
				);
				PRODUCT_BUNDLE_IDENTIFIER = com.mejiagarcia.gamingnews;
				PRODUCT_NAME = "$(TARGET_NAME)";
				SWIFT_VERSION = 4.2;
				TARGETED_DEVICE_FAMILY = 1;
			};
			name = Release;
		};
		AC51CBBB22565A74000E516B /* Debug */ = {
			isa = XCBuildConfiguration;
			baseConfigurationReference = 137E7776AF5EAB3DDC2C5BD5 /* Pods-gamingnewsTests.debug.xcconfig */;
			buildSettings = {
				BUNDLE_LOADER = "$(TEST_HOST)";
				CODE_SIGN_STYLE = Automatic;
				DEVELOPMENT_TEAM = J75TA62D6V;
				INFOPLIST_FILE = gamingnewsTests/Info.plist;
				LD_RUNPATH_SEARCH_PATHS = (
					"$(inherited)",
					"@executable_path/Frameworks",
					"@loader_path/Frameworks",
				);
				PRODUCT_BUNDLE_IDENTIFIER = com.carlosmejia.gamingnewsTests;
				PRODUCT_NAME = "$(TARGET_NAME)";
				SWIFT_VERSION = 4.2;
				"SYSTEM_HEADER_SEARCH_PATHS[arch=*]" = (
					"$(inherited)",
					"${PODS_ROOT}/Firebase/Core/Sources",
				);
				TARGETED_DEVICE_FAMILY = "1,2";
				TEST_HOST = "$(BUILT_PRODUCTS_DIR)/gamingnews.app/gamingnews";
			};
			name = Debug;
		};
		AC51CBBC22565A74000E516B /* Release */ = {
			isa = XCBuildConfiguration;
			baseConfigurationReference = 0D6C71A238A2F55D3B79B083 /* Pods-gamingnewsTests.release.xcconfig */;
			buildSettings = {
				BUNDLE_LOADER = "$(TEST_HOST)";
				CODE_SIGN_STYLE = Automatic;
				DEVELOPMENT_TEAM = J75TA62D6V;
				INFOPLIST_FILE = gamingnewsTests/Info.plist;
				LD_RUNPATH_SEARCH_PATHS = (
					"$(inherited)",
					"@executable_path/Frameworks",
					"@loader_path/Frameworks",
				);
				PRODUCT_BUNDLE_IDENTIFIER = com.carlosmejia.gamingnewsTests;
				PRODUCT_NAME = "$(TARGET_NAME)";
				SWIFT_VERSION = 4.2;
				"SYSTEM_HEADER_SEARCH_PATHS[arch=*]" = (
					"$(inherited)",
					"${PODS_ROOT}/Firebase/Core/Sources",
				);
				TARGETED_DEVICE_FAMILY = "1,2";
				TEST_HOST = "$(BUILT_PRODUCTS_DIR)/gamingnews.app/gamingnews";
			};
			name = Release;
		};
/* End XCBuildConfiguration section */

/* Begin XCConfigurationList section */
		2CD07FB9223AB7DE00C024AC /* Build configuration list for PBXProject "gamingnews" */ = {
			isa = XCConfigurationList;
			buildConfigurations = (
				2CD07FCE223AB7E000C024AC /* Debug */,
				2CD07FCF223AB7E000C024AC /* Release */,
			);
			defaultConfigurationIsVisible = 0;
			defaultConfigurationName = Release;
		};
		2CD07FD0223AB7E000C024AC /* Build configuration list for PBXNativeTarget "gamingnews" */ = {
			isa = XCConfigurationList;
			buildConfigurations = (
				2CD07FD1223AB7E000C024AC /* Debug */,
				2CD07FD2223AB7E000C024AC /* Release */,
			);
			defaultConfigurationIsVisible = 0;
			defaultConfigurationName = Release;
		};
		AC51CBBD22565A74000E516B /* Build configuration list for PBXNativeTarget "gamingnewsTests" */ = {
			isa = XCConfigurationList;
			buildConfigurations = (
				AC51CBBB22565A74000E516B /* Debug */,
				AC51CBBC22565A74000E516B /* Release */,
			);
			defaultConfigurationIsVisible = 0;
			defaultConfigurationName = Release;
		};
/* End XCConfigurationList section */
	};
	rootObject = 2CD07FB6223AB7DE00C024AC /* Project object */;
}
